# This file is autogenerated, do not edit; changes may be undone by the next 'dep ensure'.


[[projects]]
  branch = "master"
  name = "github.com/mailru/easyjson"
  packages = [
    ".",
    "buffer",
    "jlexer",
    "jwriter"
  ]
  revision = "8b799c424f57fa123fc63a99d6383bc6e4c02578"

[[projects]]
  name = "github.com/olivere/elastic"
  packages = [
    ".",
    "config",
    "uritemplates"
  ]
  revision = "4586a6964b5cb45a2dadd67577f83f00b1ec5029"
  version = "v6.1.18"

[[projects]]
  name = "github.com/pkg/errors"
  packages = ["."]
  revision = "645ef00459ed84a119197bfb8d8205042c6df63d"
  version = "v0.8.0"

[solve-meta]
  analyzer-name = "dep"
  analyzer-version = 1
  inputs-digest = "7d43c38a446e2dc74a192fd41b00b2a7d80b240ecd9dbef042d0dcdbc7275e61"
  solver-name = "gps-cdcl"
  solver-version = 1
